
Microsoft Visual Studio Solution File, Format Version 12.00
# Visual Studio Version 17
VisualStudioVersion = 17.4.33213.308
MinimumVisualStudioVersion = 10.0.40219.1
Project("{FAE04EC0-301F-11D3-BF4B-00C04F79EFBC}") = "InventoryManagement", "InventoryManagement.csproj", "{CBDD5246-F6AC-4D27-BFC0-4148A4884CF4}"
EndProject
Global
	GlobalSection(SolutionConfigurationPlatforms) = preSolution
		Debug|Any CPU = Debug|Any CPU
		Release|Any CPU = Release|Any CPU
	EndGlobalSection
	GlobalSection(ProjectConfigurationPlatforms) = postSolution
		{CBDD5246-F6AC-4D27-BFC0-4148A4884CF4}.Debug|Any CPU.ActiveCfg = Debug|Any CPU
		{CBDD5246-F6AC-4D27-BFC0-4148A4884CF4}.Debug|Any CPU.Build.0 = Debug|Any CPU
		{CBDD5246-F6AC-4D27-BFC0-4148A4884CF4}.Release|Any CPU.ActiveCfg = Release|Any CPU
		{CBDD5246-F6AC-4D27-BFC0-4148A4884CF4}.Release|Any CPU.Build.0 = Release|Any CPU
	EndGlobalSection
	GlobalSection(SolutionProperties) = preSolution
		HideSolutionNode = FALSE
	EndGlobalSection
	GlobalSection(ExtensibilityGlobals) = postSolution
		SolutionGuid = {BD100450-CA81-49CB-AC07-2FE07FC70548}
	EndGlobalSection
EndGlobal
